
Microsoft Visual Studio Solution File, Format Version 12.00
# Visual Studio Version 17
VisualStudioVersion = 17.0.31903.59
MinimumVisualStudioVersion = 10.0.40219.1
Project("{2150E333-8FDC-42A3-9474-1A3956D46DE8}") = "src", "src", "{827E0CD3-B72D-47B6-A68D-7590B98EB39B}"
EndProject
Project("{2150E333-8FDC-42A3-9474-1A3956D46DE8}") = "BuildingBlocks", "BuildingBlocks", "{90298CBA-BD6F-3A0A-69D5-97CAD7B05E7E}"
EndProject
Project("{2150E333-8FDC-42A3-9474-1A3956D46DE8}") = "Common", "Common", "{F8284A3B-6172-4543-FC74-2C149A4C2E29}"
EndProject
Project("{FAE04EC0-301F-11D3-BF4B-00C04F79EFBC}") = "NiesPro.Common", "src\BuildingBlocks\Common\NiesPro.Common.csproj", "{BDB9E174-4B2A-4881-B516-50B08B8B5BC1}"
EndProject
Project("{2150E333-8FDC-42A3-9474-1A3956D46DE8}") = "Infrastructure", "Infrastructure", "{A7446B4C-3630-9B3B-F288-1F78CD1B2B87}"
EndProject
Project("{FAE04EC0-301F-11D3-BF4B-00C04F79EFBC}") = "NiesPro.Infrastructure", "src\BuildingBlocks\Infrastructure\NiesPro.Infrastructure.csproj", "{F198B03C-7059-444A-9DFB-2B31B3D8BF86}"
EndProject
Project("{2150E333-8FDC-42A3-9474-1A3956D46DE8}") = "WebApi", "WebApi", "{0E6CECE8-4C45-FBDF-D182-ECB50F1876F8}"
EndProject
Project("{FAE04EC0-301F-11D3-BF4B-00C04F79EFBC}") = "NiesPro.WebApi", "src\BuildingBlocks\WebApi\NiesPro.WebApi.csproj", "{EF687F4C-0B23-450E-A553-F78404694E8E}"
EndProject
Project("{2150E333-8FDC-42A3-9474-1A3956D46DE8}") = "Services", "Services", "{984BB9B3-3FA3-BE33-9484-CAC21695A33C}"
EndProject
Project("{2150E333-8FDC-42A3-9474-1A3956D46DE8}") = "Auth", "Auth", "{473EF3C4-73FA-6715-AA3C-7C7929374EED}"
EndProject
Project("{FAE04EC0-301F-11D3-BF4B-00C04F79EFBC}") = "Auth.Domain", "src\Services\Auth\Auth.Domain\Auth.Domain.csproj", "{C012933D-8666-46D7-9E4B-3B870916EC93}"
EndProject
Project("{FAE04EC0-301F-11D3-BF4B-00C04F79EFBC}") = "Auth.Application", "src\Services\Auth\Auth.Application\Auth.Application.csproj", "{76650A3E-D9E6-4C1D-A4C5-029498EA17CF}"
EndProject
Project("{FAE04EC0-301F-11D3-BF4B-00C04F79EFBC}") = "Auth.Infrastructure", "src\Services\Auth\Auth.Infrastructure\Auth.Infrastructure.csproj", "{58F438F2-E540-466D-B27F-DF4C4B12B758}"
EndProject
Project("{FAE04EC0-301F-11D3-BF4B-00C04F79EFBC}") = "Auth.API", "src\Services\Auth\Auth.API\Auth.API.csproj", "{5D55F4AF-2184-4123-B049-CE984C8B5E5E}"
EndProject
Global
	GlobalSection(SolutionConfigurationPlatforms) = preSolution
		Debug|Any CPU = Debug|Any CPU
		Debug|x64 = Debug|x64
		Debug|x86 = Debug|x86
		Release|Any CPU = Release|Any CPU
		Release|x64 = Release|x64
		Release|x86 = Release|x86
	EndGlobalSection
	GlobalSection(ProjectConfigurationPlatforms) = postSolution
		{BDB9E174-4B2A-4881-B516-50B08B8B5BC1}.Debug|Any CPU.ActiveCfg = Debug|Any CPU
		{BDB9E174-4B2A-4881-B516-50B08B8B5BC1}.Debug|Any CPU.Build.0 = Debug|Any CPU
		{BDB9E174-4B2A-4881-B516-50B08B8B5BC1}.Debug|x64.ActiveCfg = Debug|Any CPU
		{BDB9E174-4B2A-4881-B516-50B08B8B5BC1}.Debug|x64.Build.0 = Debug|Any CPU
		{BDB9E174-4B2A-4881-B516-50B08B8B5BC1}.Debug|x86.ActiveCfg = Debug|Any CPU
		{BDB9E174-4B2A-4881-B516-50B08B8B5BC1}.Debug|x86.Build.0 = Debug|Any CPU
		{BDB9E174-4B2A-4881-B516-50B08B8B5BC1}.Release|Any CPU.ActiveCfg = Release|Any CPU
		{BDB9E174-4B2A-4881-B516-50B08B8B5BC1}.Release|Any CPU.Build.0 = Release|Any CPU
		{BDB9E174-4B2A-4881-B516-50B08B8B5BC1}.Release|x64.ActiveCfg = Release|Any CPU
		{BDB9E174-4B2A-4881-B516-50B08B8B5BC1}.Release|x64.Build.0 = Release|Any CPU
		{BDB9E174-4B2A-4881-B516-50B08B8B5BC1}.Release|x86.ActiveCfg = Release|Any CPU
		{BDB9E174-4B2A-4881-B516-50B08B8B5BC1}.Release|x86.Build.0 = Release|Any CPU
		{F198B03C-7059-444A-9DFB-2B31B3D8BF86}.Debug|Any CPU.ActiveCfg = Debug|Any CPU
		{F198B03C-7059-444A-9DFB-2B31B3D8BF86}.Debug|Any CPU.Build.0 = Debug|Any CPU
		{F198B03C-7059-444A-9DFB-2B31B3D8BF86}.Debug|x64.ActiveCfg = Debug|Any CPU
		{F198B03C-7059-444A-9DFB-2B31B3D8BF86}.Debug|x64.Build.0 = Debug|Any CPU
		{F198B03C-7059-444A-9DFB-2B31B3D8BF86}.Debug|x86.ActiveCfg = Debug|Any CPU
		{F198B03C-7059-444A-9DFB-2B31B3D8BF86}.Debug|x86.Build.0 = Debug|Any CPU
		{F198B03C-7059-444A-9DFB-2B31B3D8BF86}.Release|Any CPU.ActiveCfg = Release|Any CPU
		{F198B03C-7059-444A-9DFB-2B31B3D8BF86}.Release|Any CPU.Build.0 = Release|Any CPU
		{F198B03C-7059-444A-9DFB-2B31B3D8BF86}.Release|x64.ActiveCfg = Release|Any CPU
		{F198B03C-7059-444A-9DFB-2B31B3D8BF86}.Release|x64.Build.0 = Release|Any CPU
		{F198B03C-7059-444A-9DFB-2B31B3D8BF86}.Release|x86.ActiveCfg = Release|Any CPU
		{F198B03C-7059-444A-9DFB-2B31B3D8BF86}.Release|x86.Build.0 = Release|Any CPU
		{EF687F4C-0B23-450E-A553-F78404694E8E}.Debug|Any CPU.ActiveCfg = Debug|Any CPU
		{EF687F4C-0B23-450E-A553-F78404694E8E}.Debug|Any CPU.Build.0 = Debug|Any CPU
		{EF687F4C-0B23-450E-A553-F78404694E8E}.Debug|x64.ActiveCfg = Debug|Any CPU
		{EF687F4C-0B23-450E-A553-F78404694E8E}.Debug|x64.Build.0 = Debug|Any CPU
		{EF687F4C-0B23-450E-A553-F78404694E8E}.Debug|x86.ActiveCfg = Debug|Any CPU
		{EF687F4C-0B23-450E-A553-F78404694E8E}.Debug|x86.Build.0 = Debug|Any CPU
		{EF687F4C-0B23-450E-A553-F78404694E8E}.Release|Any CPU.ActiveCfg = Release|Any CPU
		{EF687F4C-0B23-450E-A553-F78404694E8E}.Release|Any CPU.Build.0 = Release|Any CPU
		{EF687F4C-0B23-450E-A553-F78404694E8E}.Release|x64.ActiveCfg = Release|Any CPU
		{EF687F4C-0B23-450E-A553-F78404694E8E}.Release|x64.Build.0 = Release|Any CPU
		{EF687F4C-0B23-450E-A553-F78404694E8E}.Release|x86.ActiveCfg = Release|Any CPU
		{EF687F4C-0B23-450E-A553-F78404694E8E}.Release|x86.Build.0 = Release|Any CPU
		{C012933D-8666-46D7-9E4B-3B870916EC93}.Debug|Any CPU.ActiveCfg = Debug|Any CPU
		{C012933D-8666-46D7-9E4B-3B870916EC93}.Debug|Any CPU.Build.0 = Debug|Any CPU
		{C012933D-8666-46D7-9E4B-3B870916EC93}.Debug|x64.ActiveCfg = Debug|Any CPU
		{C012933D-8666-46D7-9E4B-3B870916EC93}.Debug|x64.Build.0 = Debug|Any CPU
		{C012933D-8666-46D7-9E4B-3B870916EC93}.Debug|x86.ActiveCfg = Debug|Any CPU
		{C012933D-8666-46D7-9E4B-3B870916EC93}.Debug|x86.Build.0 = Debug|Any CPU
		{C012933D-8666-46D7-9E4B-3B870916EC93}.Release|Any CPU.ActiveCfg = Release|Any CPU
		{C012933D-8666-46D7-9E4B-3B870916EC93}.Release|Any CPU.Build.0 = Release|Any CPU
		{C012933D-8666-46D7-9E4B-3B870916EC93}.Release|x64.ActiveCfg = Release|Any CPU
		{C012933D-8666-46D7-9E4B-3B870916EC93}.Release|x64.Build.0 = Release|Any CPU
		{C012933D-8666-46D7-9E4B-3B870916EC93}.Release|x86.ActiveCfg = Release|Any CPU
		{C012933D-8666-46D7-9E4B-3B870916EC93}.Release|x86.Build.0 = Release|Any CPU
		{76650A3E-D9E6-4C1D-A4C5-029498EA17CF}.Debug|Any CPU.ActiveCfg = Debug|Any CPU
		{76650A3E-D9E6-4C1D-A4C5-029498EA17CF}.Debug|Any CPU.Build.0 = Debug|Any CPU
		{76650A3E-D9E6-4C1D-A4C5-029498EA17CF}.Debug|x64.ActiveCfg = Debug|Any CPU
		{76650A3E-D9E6-4C1D-A4C5-029498EA17CF}.Debug|x64.Build.0 = Debug|Any CPU
		{76650A3E-D9E6-4C1D-A4C5-029498EA17CF}.Debug|x86.ActiveCfg = Debug|Any CPU
		{76650A3E-D9E6-4C1D-A4C5-029498EA17CF}.Debug|x86.Build.0 = Debug|Any CPU
		{76650A3E-D9E6-4C1D-A4C5-029498EA17CF}.Release|Any CPU.ActiveCfg = Release|Any CPU
		{76650A3E-D9E6-4C1D-A4C5-029498EA17CF}.Release|Any CPU.Build.0 = Release|Any CPU
		{76650A3E-D9E6-4C1D-A4C5-029498EA17CF}.Release|x64.ActiveCfg = Release|Any CPU
		{76650A3E-D9E6-4C1D-A4C5-029498EA17CF}.Release|x64.Build.0 = Release|Any CPU
		{76650A3E-D9E6-4C1D-A4C5-029498EA17CF}.Release|x86.ActiveCfg = Release|Any CPU
		{76650A3E-D9E6-4C1D-A4C5-029498EA17CF}.Release|x86.Build.0 = Release|Any CPU
		{58F438F2-E540-466D-B27F-DF4C4B12B758}.Debug|Any CPU.ActiveCfg = Debug|Any CPU
		{58F438F2-E540-466D-B27F-DF4C4B12B758}.Debug|Any CPU.Build.0 = Debug|Any CPU
		{58F438F2-E540-466D-B27F-DF4C4B12B758}.Debug|x64.ActiveCfg = Debug|Any CPU
		{58F438F2-E540-466D-B27F-DF4C4B12B758}.Debug|x64.Build.0 = Debug|Any CPU
		{58F438F2-E540-466D-B27F-DF4C4B12B758}.Debug|x86.ActiveCfg = Debug|Any CPU
		{58F438F2-E540-466D-B27F-DF4C4B12B758}.Debug|x86.Build.0 = Debug|Any CPU
		{58F438F2-E540-466D-B27F-DF4C4B12B758}.Release|Any CPU.ActiveCfg = Release|Any CPU
		{58F438F2-E540-466D-B27F-DF4C4B12B758}.Release|Any CPU.Build.0 = Release|Any CPU
		{58F438F2-E540-466D-B27F-DF4C4B12B758}.Release|x64.ActiveCfg = Release|Any CPU
		{58F438F2-E540-466D-B27F-DF4C4B12B758}.Release|x64.Build.0 = Release|Any CPU
		{58F438F2-E540-466D-B27F-DF4C4B12B758}.Release|x86.ActiveCfg = Release|Any CPU
		{58F438F2-E540-466D-B27F-DF4C4B12B758}.Release|x86.Build.0 = Release|Any CPU
		{5D55F4AF-2184-4123-B049-CE984C8B5E5E}.Debug|Any CPU.ActiveCfg = Debug|Any CPU
		{5D55F4AF-2184-4123-B049-CE984C8B5E5E}.Debug|Any CPU.Build.0 = Debug|Any CPU
		{5D55F4AF-2184-4123-B049-CE984C8B5E5E}.Debug|x64.ActiveCfg = Debug|Any CPU
		{5D55F4AF-2184-4123-B049-CE984C8B5E5E}.Debug|x64.Build.0 = Debug|Any CPU
		{5D55F4AF-2184-4123-B049-CE984C8B5E5E}.Debug|x86.ActiveCfg = Debug|Any CPU
		{5D55F4AF-2184-4123-B049-CE984C8B5E5E}.Debug|x86.Build.0 = Debug|Any CPU
		{5D55F4AF-2184-4123-B049-CE984C8B5E5E}.Release|Any CPU.ActiveCfg = Release|Any CPU
		{5D55F4AF-2184-4123-B049-CE984C8B5E5E}.Release|Any CPU.Build.0 = Release|Any CPU
		{5D55F4AF-2184-4123-B049-CE984C8B5E5E}.Release|x64.ActiveCfg = Release|Any CPU
		{5D55F4AF-2184-4123-B049-CE984C8B5E5E}.Release|x64.Build.0 = Release|Any CPU
		{5D55F4AF-2184-4123-B049-CE984C8B5E5E}.Release|x86.ActiveCfg = Release|Any CPU
		{5D55F4AF-2184-4123-B049-CE984C8B5E5E}.Release|x86.Build.0 = Release|Any CPU
	EndGlobalSection
	GlobalSection(SolutionProperties) = preSolution
		HideSolutionNode = FALSE
	EndGlobalSection
	GlobalSection(NestedProjects) = preSolution
		{90298CBA-BD6F-3A0A-69D5-97CAD7B05E7E} = {827E0CD3-B72D-47B6-A68D-7590B98EB39B}
		{F8284A3B-6172-4543-FC74-2C149A4C2E29} = {90298CBA-BD6F-3A0A-69D5-97CAD7B05E7E}
		{BDB9E174-4B2A-4881-B516-50B08B8B5BC1} = {F8284A3B-6172-4543-FC74-2C149A4C2E29}
		{A7446B4C-3630-9B3B-F288-1F78CD1B2B87} = {90298CBA-BD6F-3A0A-69D5-97CAD7B05E7E}
		{F198B03C-7059-444A-9DFB-2B31B3D8BF86} = {A7446B4C-3630-9B3B-F288-1F78CD1B2B87}
		{0E6CECE8-4C45-FBDF-D182-ECB50F1876F8} = {90298CBA-BD6F-3A0A-69D5-97CAD7B05E7E}
		{EF687F4C-0B23-450E-A553-F78404694E8E} = {0E6CECE8-4C45-FBDF-D182-ECB50F1876F8}
		{984BB9B3-3FA3-BE33-9484-CAC21695A33C} = {827E0CD3-B72D-47B6-A68D-7590B98EB39B}
		{473EF3C4-73FA-6715-AA3C-7C7929374EED} = {984BB9B3-3FA3-BE33-9484-CAC21695A33C}
		{C012933D-8666-46D7-9E4B-3B870916EC93} = {473EF3C4-73FA-6715-AA3C-7C7929374EED}
		{76650A3E-D9E6-4C1D-A4C5-029498EA17CF} = {473EF3C4-73FA-6715-AA3C-7C7929374EED}
		{58F438F2-E540-466D-B27F-DF4C4B12B758} = {473EF3C4-73FA-6715-AA3C-7C7929374EED}
		{5D55F4AF-2184-4123-B049-CE984C8B5E5E} = {473EF3C4-73FA-6715-AA3C-7C7929374EED}
	EndGlobalSection
EndGlobal
